
Microsoft Visual Studio Solution File, Format Version 12.00
# Visual Studio 15
VisualStudioVersion = 15.0.28010.2048
MinimumVisualStudioVersion = 10.0.40219.1
Project("{262852C6-CD72-467D-83FE-5EEB1973A190}") = "App", "App\App.jsproj", "{84FD802D-0F7C-4B15-A01A-8CD4377EB8FE}"
EndProject
Project("{262852C6-CD72-467D-83FE-5EEB1973A190}") = "Test", "Test\Test.jsproj", "{75649025-5099-4C32-9F57-084461404DDF}"
EndProject
Project("{8BC9CEB8-8B4A-11D0-8D11-00A0C91BC942}") = "Codevoid", "NativeInfrastructure\NativeInfrastructure.vcxproj", "{95ACA049-0CF6-4361-9AA3-AB16EF0F6F9E}"
EndProject
Global
	GlobalSection(SolutionConfigurationPlatforms) = preSolution
		Debug|AMD64 = Debug|AMD64
		Debug|ARM = Debug|ARM
		Debug|x86 = Debug|x86
		Release|AMD64 = Release|AMD64
		Release|ARM = Release|ARM
		Release|x86 = Release|x86
	EndGlobalSection
	GlobalSection(ProjectConfigurationPlatforms) = postSolution
		{84FD802D-0F7C-4B15-A01A-8CD4377EB8FE}.Debug|AMD64.ActiveCfg = Debug|x64
		{84FD802D-0F7C-4B15-A01A-8CD4377EB8FE}.Debug|AMD64.Build.0 = Debug|x64
		{84FD802D-0F7C-4B15-A01A-8CD4377EB8FE}.Debug|AMD64.Deploy.0 = Debug|x64
		{84FD802D-0F7C-4B15-A01A-8CD4377EB8FE}.Debug|ARM.ActiveCfg = Debug|ARM
		{84FD802D-0F7C-4B15-A01A-8CD4377EB8FE}.Debug|ARM.Build.0 = Debug|ARM
		{84FD802D-0F7C-4B15-A01A-8CD4377EB8FE}.Debug|ARM.Deploy.0 = Debug|ARM
		{84FD802D-0F7C-4B15-A01A-8CD4377EB8FE}.Debug|x86.ActiveCfg = Debug|x86
		{84FD802D-0F7C-4B15-A01A-8CD4377EB8FE}.Debug|x86.Build.0 = Debug|x86
		{84FD802D-0F7C-4B15-A01A-8CD4377EB8FE}.Debug|x86.Deploy.0 = Debug|x86
		{84FD802D-0F7C-4B15-A01A-8CD4377EB8FE}.Release|AMD64.ActiveCfg = Release|x64
		{84FD802D-0F7C-4B15-A01A-8CD4377EB8FE}.Release|AMD64.Build.0 = Release|x64
		{84FD802D-0F7C-4B15-A01A-8CD4377EB8FE}.Release|AMD64.Deploy.0 = Release|x64
		{84FD802D-0F7C-4B15-A01A-8CD4377EB8FE}.Release|ARM.ActiveCfg = Release|ARM
		{84FD802D-0F7C-4B15-A01A-8CD4377EB8FE}.Release|ARM.Build.0 = Release|ARM
		{84FD802D-0F7C-4B15-A01A-8CD4377EB8FE}.Release|ARM.Deploy.0 = Release|ARM
		{84FD802D-0F7C-4B15-A01A-8CD4377EB8FE}.Release|x86.ActiveCfg = Release|x86
		{84FD802D-0F7C-4B15-A01A-8CD4377EB8FE}.Release|x86.Build.0 = Release|x86
		{84FD802D-0F7C-4B15-A01A-8CD4377EB8FE}.Release|x86.Deploy.0 = Release|x86
		{75649025-5099-4C32-9F57-084461404DDF}.Debug|AMD64.ActiveCfg = Debug|x64
		{75649025-5099-4C32-9F57-084461404DDF}.Debug|AMD64.Build.0 = Debug|x64
		{75649025-5099-4C32-9F57-084461404DDF}.Debug|AMD64.Deploy.0 = Debug|x64
		{75649025-5099-4C32-9F57-084461404DDF}.Debug|ARM.ActiveCfg = Debug|ARM
		{75649025-5099-4C32-9F57-084461404DDF}.Debug|ARM.Build.0 = Debug|ARM
		{75649025-5099-4C32-9F57-084461404DDF}.Debug|ARM.Deploy.0 = Debug|ARM
		{75649025-5099-4C32-9F57-084461404DDF}.Debug|x86.ActiveCfg = Debug|x86
		{75649025-5099-4C32-9F57-084461404DDF}.Debug|x86.Build.0 = Debug|x86
		{75649025-5099-4C32-9F57-084461404DDF}.Debug|x86.Deploy.0 = Debug|x86
		{75649025-5099-4C32-9F57-084461404DDF}.Release|AMD64.ActiveCfg = Release|x64
		{75649025-5099-4C32-9F57-084461404DDF}.Release|AMD64.Build.0 = Release|x64
		{75649025-5099-4C32-9F57-084461404DDF}.Release|AMD64.Deploy.0 = Release|x64
		{75649025-5099-4C32-9F57-084461404DDF}.Release|ARM.ActiveCfg = Release|ARM
		{75649025-5099-4C32-9F57-084461404DDF}.Release|ARM.Build.0 = Release|ARM
		{75649025-5099-4C32-9F57-084461404DDF}.Release|ARM.Deploy.0 = Release|ARM
		{75649025-5099-4C32-9F57-084461404DDF}.Release|x86.ActiveCfg = Release|x86
		{75649025-5099-4C32-9F57-084461404DDF}.Release|x86.Build.0 = Release|x86
		{75649025-5099-4C32-9F57-084461404DDF}.Release|x86.Deploy.0 = Release|x86
		{95ACA049-0CF6-4361-9AA3-AB16EF0F6F9E}.Debug|AMD64.ActiveCfg = Debug|x64
		{95ACA049-0CF6-4361-9AA3-AB16EF0F6F9E}.Debug|AMD64.Build.0 = Debug|x64
		{95ACA049-0CF6-4361-9AA3-AB16EF0F6F9E}.Debug|ARM.ActiveCfg = Debug|ARM
		{95ACA049-0CF6-4361-9AA3-AB16EF0F6F9E}.Debug|ARM.Build.0 = Debug|ARM
		{95ACA049-0CF6-4361-9AA3-AB16EF0F6F9E}.Debug|x86.ActiveCfg = Debug|Win32
		{95ACA049-0CF6-4361-9AA3-AB16EF0F6F9E}.Debug|x86.Build.0 = Debug|Win32
		{95ACA049-0CF6-4361-9AA3-AB16EF0F6F9E}.Release|AMD64.ActiveCfg = Release|x64
		{95ACA049-0CF6-4361-9AA3-AB16EF0F6F9E}.Release|AMD64.Build.0 = Release|x64
		{95ACA049-0CF6-4361-9AA3-AB16EF0F6F9E}.Release|ARM.ActiveCfg = Release|ARM
		{95ACA049-0CF6-4361-9AA3-AB16EF0F6F9E}.Release|ARM.Build.0 = Release|ARM
		{95ACA049-0CF6-4361-9AA3-AB16EF0F6F9E}.Release|x86.ActiveCfg = Release|Win32
		{95ACA049-0CF6-4361-9AA3-AB16EF0F6F9E}.Release|x86.Build.0 = Release|Win32
	EndGlobalSection
	GlobalSection(SolutionProperties) = preSolution
		HideSolutionNode = FALSE
	EndGlobalSection
	GlobalSection(ExtensibilityGlobals) = postSolution
		SolutionGuid = {2C23563A-DCC0-4B6B-81EC-78CFE8314640}
	EndGlobalSection
EndGlobal
