<?xml version="1.0" encoding="utf-8"?>
<Project ToolsVersion="14.0" xmlns="http://schemas.microsoft.com/developer/msbuild/2003">
  <ItemGroup>
    <Filter Include="Resources">
      <UniqueIdentifier>8d1f2a3c-0ad5-42da-a8b0-4788c3801359</UniqueIdentifier>
      <Extensions>rc;ico;cur;bmp;dlg;rc2;rct;bin;rgs;gif;jpg;jpeg;jpe;resx;tga;tiff;tif;png;wav;mfcribbon-ms</Extensions>
    </Filter>
  </ItemGroup>
  <ItemGroup>
    <ClCompile Include="pch.cpp" />
    <ClCompile Include="WebViewNotifier.cpp" />
    <ClCompile Include="GuidHelper.cpp" />
    <ClCompile Include="HiddenApiHelper.cpp" />
  </ItemGroup>
  <ItemGroup>
    <ClInclude Include="pch.h" />
    <ClInclude Include="WebViewNotifier.h" />
    <ClInclude Include="resource.h" />
    <ClInclude Include="GuidHelper.h" />
    <ClInclude Include="HiddenApiHelper.h" />
  </ItemGroup>
  <ItemGroup>
    <ResourceCompile Include="Codevoid.rc">
      <Filter>Resources</Filter>
    </ResourceCompile>
  </ItemGroup>
</Project>